Microsoft Visual Studio Solution File, Format Version 12.00
# Visual Studio Version 17
VisualStudioVersion = 17.5.2.0
MinimumVisualStudioVersion = 10.0.40219.1
Project("{FAE04EC0-301F-11D3-BF4B-00C04F79EFBC}") = "SemanticKernelDocumentQA", "SemanticKernelDocumentQA.csproj", "{3A944CBD-7272-7841-9164-4DF21247BE77}"
EndProject
Global
	GlobalSection(SolutionConfigurationPlatforms) = preSolution
		Debug|Any CPU = Debug|Any CPU
		Release|Any CPU = Release|Any CPU
	EndGlobalSection
	GlobalSection(ProjectConfigurationPlatforms) = postSolution
		{3A944CBD-7272-7841-9164-4DF21247BE77}.Debug|Any CPU.ActiveCfg = Debug|Any CPU
		{3A944CBD-7272-7841-9164-4DF21247BE77}.Debug|Any CPU.Build.0 = Debug|Any CPU
		{3A944CBD-7272-7841-9164-4DF21247BE77}.Release|Any CPU.ActiveCfg = Release|Any CPU
		{3A944CBD-7272-7841-9164-4DF21247BE77}.Release|Any CPU.Build.0 = Release|Any CPU
	EndGlobalSection
	GlobalSection(SolutionProperties) = preSolution
		HideSolutionNode = FALSE
	EndGlobalSection
	GlobalSection(ExtensibilityGlobals) = postSolution
		SolutionGuid = {B8386AE9-5BC8-4B7E-9CE4-D904465A1D67}
	EndGlobalSection
EndGlobal
